
Microsoft Visual Studio Solution File, Format Version 12.00
# Visual Studio Version 16
VisualStudioVersion = 16.0.30320.27
MinimumVisualStudioVersion = 10.0.40219.1
Project("{9A19103F-16F7-4668-BE54-9A1E7A4F7556}") = "TikTakToe", "TikTakToe\TikTakToe.csproj", "{703CEEFA-2EBA-48B3-B96D-486C20EDF672}"
EndProject
Project("{9A19103F-16F7-4668-BE54-9A1E7A4F7556}") = "XUnitTestProject1", "XUnitTestProject1\XUnitTestProject1.csproj", "{9CEC769F-FAEE-4D15-A946-283F56EC59A3}"
EndProject
Global
	GlobalSection(SolutionConfigurationPlatforms) = preSolution
		Debug|Any CPU = Debug|Any CPU
		Release|Any CPU = Release|Any CPU
	EndGlobalSection
	GlobalSection(ProjectConfigurationPlatforms) = postSolution
		{703CEEFA-2EBA-48B3-B96D-486C20EDF672}.Debug|Any CPU.ActiveCfg = Debug|Any CPU
		{703CEEFA-2EBA-48B3-B96D-486C20EDF672}.Debug|Any CPU.Build.0 = Debug|Any CPU
		{703CEEFA-2EBA-48B3-B96D-486C20EDF672}.Release|Any CPU.ActiveCfg = Release|Any CPU
		{703CEEFA-2EBA-48B3-B96D-486C20EDF672}.Release|Any CPU.Build.0 = Release|Any CPU
		{9CEC769F-FAEE-4D15-A946-283F56EC59A3}.Debug|Any CPU.ActiveCfg = Debug|Any CPU
		{9CEC769F-FAEE-4D15-A946-283F56EC59A3}.Debug|Any CPU.Build.0 = Debug|Any CPU
		{9CEC769F-FAEE-4D15-A946-283F56EC59A3}.Release|Any CPU.ActiveCfg = Release|Any CPU
		{9CEC769F-FAEE-4D15-A946-283F56EC59A3}.Release|Any CPU.Build.0 = Release|Any CPU
	EndGlobalSection
	GlobalSection(SolutionProperties) = preSolution
		HideSolutionNode = FALSE
	EndGlobalSection
	GlobalSection(ExtensibilityGlobals) = postSolution
		SolutionGuid = {40108BF1-5962-4A22-B23A-8E86F1A43EB3}
	EndGlobalSection
EndGlobal
